
Microsoft Visual Studio Solution File, Format Version 12.00
# Visual Studio Version 16
VisualStudioVersion = 16.0.29519.87
MinimumVisualStudioVersion = 10.0.40219.1
Project("{9A19103F-16F7-4668-BE54-9A1E7A4F7556}") = "CalculatorAPI", "CalculatorAPI\CalculatorAPI.csproj", "{45CB4D58-A73C-47AC-9C3C-7322FA5C2F99}"
EndProject
Project("{9A19103F-16F7-4668-BE54-9A1E7A4F7556}") = "CalculatorUI", "CalculatorUI\CalculatorUI.csproj", "{1E466042-47BD-4863-AE3C-BED4EFC477D4}"
EndProject
Project("{9A19103F-16F7-4668-BE54-9A1E7A4F7556}") = "CalculatorAPITests", "CalculatorAPITests\CalculatorAPITests.csproj", "{E804FEE2-A007-4842-A1C8-90A05FEDB230}"
EndProject
Global
	GlobalSection(SolutionConfigurationPlatforms) = preSolution
		Debug|Any CPU = Debug|Any CPU
		Release|Any CPU = Release|Any CPU
	EndGlobalSection
	GlobalSection(ProjectConfigurationPlatforms) = postSolution
		{45CB4D58-A73C-47AC-9C3C-7322FA5C2F99}.Debug|Any CPU.ActiveCfg = Debug|Any CPU
		{45CB4D58-A73C-47AC-9C3C-7322FA5C2F99}.Debug|Any CPU.Build.0 = Debug|Any CPU
		{45CB4D58-A73C-47AC-9C3C-7322FA5C2F99}.Release|Any CPU.ActiveCfg = Release|Any CPU
		{45CB4D58-A73C-47AC-9C3C-7322FA5C2F99}.Release|Any CPU.Build.0 = Release|Any CPU
		{1E466042-47BD-4863-AE3C-BED4EFC477D4}.Debug|Any CPU.ActiveCfg = Debug|Any CPU
		{1E466042-47BD-4863-AE3C-BED4EFC477D4}.Debug|Any CPU.Build.0 = Debug|Any CPU
		{1E466042-47BD-4863-AE3C-BED4EFC477D4}.Release|Any CPU.ActiveCfg = Release|Any CPU
		{1E466042-47BD-4863-AE3C-BED4EFC477D4}.Release|Any CPU.Build.0 = Release|Any CPU
		{E804FEE2-A007-4842-A1C8-90A05FEDB230}.Debug|Any CPU.ActiveCfg = Debug|Any CPU
		{E804FEE2-A007-4842-A1C8-90A05FEDB230}.Debug|Any CPU.Build.0 = Debug|Any CPU
		{E804FEE2-A007-4842-A1C8-90A05FEDB230}.Release|Any CPU.ActiveCfg = Release|Any CPU
		{E804FEE2-A007-4842-A1C8-90A05FEDB230}.Release|Any CPU.Build.0 = Release|Any CPU
	EndGlobalSection
	GlobalSection(SolutionProperties) = preSolution
		HideSolutionNode = FALSE
	EndGlobalSection
	GlobalSection(ExtensibilityGlobals) = postSolution
		SolutionGuid = {9FC5C38A-D2C5-4109-8B74-F048499616B5}
	EndGlobalSection
EndGlobal
